
Microsoft Visual Studio Solution File, Format Version 12.00
# Visual Studio Version 17
VisualStudioVersion = 17.11.35312.102
MinimumVisualStudioVersion = 10.0.40219.1
Project("{FAE04EC0-301F-11D3-BF4B-00C04F79EFBC}") = "TPCuatrimestral_equipo_16A", "TPCuatrimestral_equipo_16A\TPCuatrimestral_equipo_16A.csproj", "{1C29078D-53AF-4B70-A72E-35181D1313D6}"
EndProject
Global
	GlobalSection(SolutionConfigurationPlatforms) = preSolution
		Debug|Any CPU = Debug|Any CPU
		Release|Any CPU = Release|Any CPU
	EndGlobalSection
	GlobalSection(ProjectConfigurationPlatforms) = postSolution
		{1C29078D-53AF-4B70-A72E-35181D1313D6}.Debug|Any CPU.ActiveCfg = Debug|Any CPU
		{1C29078D-53AF-4B70-A72E-35181D1313D6}.Debug|Any CPU.Build.0 = Debug|Any CPU
		{1C29078D-53AF-4B70-A72E-35181D1313D6}.Release|Any CPU.ActiveCfg = Release|Any CPU
		{1C29078D-53AF-4B70-A72E-35181D1313D6}.Release|Any CPU.Build.0 = Release|Any CPU
	EndGlobalSection
	GlobalSection(SolutionProperties) = preSolution
		HideSolutionNode = FALSE
	EndGlobalSection
	GlobalSection(ExtensibilityGlobals) = postSolution
		SolutionGuid = {4BBFF0FC-0DEF-4283-80F8-BDD4E1DE8580}
	EndGlobalSection
EndGlobal
