
Microsoft Visual Studio Solution File, Format Version 12.00
# Visual Studio Version 17
VisualStudioVersion = 17.11.35312.102
MinimumVisualStudioVersion = 10.0.40219.1
Project("{FAE04EC0-301F-11D3-BF4B-00C04F79EFBC}") = "TPCuatrimestral_equipo_16A", "TPCuatrimestral_equipo_16A\TPCuatrimestral_equipo_16A.csproj", "{1C29078D-53AF-4B70-A72E-35181D1313D6}"
EndProject
Project("{FAE04EC0-301F-11D3-BF4B-00C04F79EFBC}") = "Domain", "Domain\Domain.csproj", "{06479EB3-8709-4EF1-B691-0E8D1B401E7D}"
EndProject
Project("{FAE04EC0-301F-11D3-BF4B-00C04F79EFBC}") = "Business", "Business\Business.csproj", "{5730DDE6-08B4-4A9A-A927-2D9049538B9E}"
EndProject
Project("{FAE04EC0-301F-11D3-BF4B-00C04F79EFBC}") = "DataAccess", "DataAccess\DataAccess.csproj", "{47E69C0D-59BD-4C41-8AE9-FB8A22374E01}"
EndProject
Project("{FAE04EC0-301F-11D3-BF4B-00C04F79EFBC}") = "Utils", "Utils\Utils.csproj", "{2144A9B1-4994-4875-BCD8-05D743A0C6BA}"
EndProject
Global
	GlobalSection(SolutionConfigurationPlatforms) = preSolution
		Debug|Any CPU = Debug|Any CPU
		Release|Any CPU = Release|Any CPU
	EndGlobalSection
	GlobalSection(ProjectConfigurationPlatforms) = postSolution
		{1C29078D-53AF-4B70-A72E-35181D1313D6}.Debug|Any CPU.ActiveCfg = local|Any CPU
		{1C29078D-53AF-4B70-A72E-35181D1313D6}.Debug|Any CPU.Build.0 = local|Any CPU
		{1C29078D-53AF-4B70-A72E-35181D1313D6}.Release|Any CPU.ActiveCfg = Release|Any CPU
		{1C29078D-53AF-4B70-A72E-35181D1313D6}.Release|Any CPU.Build.0 = Release|Any CPU
		{06479EB3-8709-4EF1-B691-0E8D1B401E7D}.Debug|Any CPU.ActiveCfg = Debug|Any CPU
		{06479EB3-8709-4EF1-B691-0E8D1B401E7D}.Debug|Any CPU.Build.0 = Debug|Any CPU
		{06479EB3-8709-4EF1-B691-0E8D1B401E7D}.Release|Any CPU.ActiveCfg = Release|Any CPU
		{06479EB3-8709-4EF1-B691-0E8D1B401E7D}.Release|Any CPU.Build.0 = Release|Any CPU
		{5730DDE6-08B4-4A9A-A927-2D9049538B9E}.Debug|Any CPU.ActiveCfg = Debug|Any CPU
		{5730DDE6-08B4-4A9A-A927-2D9049538B9E}.Debug|Any CPU.Build.0 = Debug|Any CPU
		{5730DDE6-08B4-4A9A-A927-2D9049538B9E}.Release|Any CPU.ActiveCfg = Release|Any CPU
		{5730DDE6-08B4-4A9A-A927-2D9049538B9E}.Release|Any CPU.Build.0 = Release|Any CPU
		{47E69C0D-59BD-4C41-8AE9-FB8A22374E01}.Debug|Any CPU.ActiveCfg = Debug|Any CPU
		{47E69C0D-59BD-4C41-8AE9-FB8A22374E01}.Debug|Any CPU.Build.0 = Debug|Any CPU
		{47E69C0D-59BD-4C41-8AE9-FB8A22374E01}.Release|Any CPU.ActiveCfg = Release|Any CPU
		{47E69C0D-59BD-4C41-8AE9-FB8A22374E01}.Release|Any CPU.Build.0 = Release|Any CPU
		{2144A9B1-4994-4875-BCD8-05D743A0C6BA}.Debug|Any CPU.ActiveCfg = Debug|Any CPU
		{2144A9B1-4994-4875-BCD8-05D743A0C6BA}.Debug|Any CPU.Build.0 = Debug|Any CPU
		{2144A9B1-4994-4875-BCD8-05D743A0C6BA}.Release|Any CPU.ActiveCfg = Release|Any CPU
		{2144A9B1-4994-4875-BCD8-05D743A0C6BA}.Release|Any CPU.Build.0 = Release|Any CPU
	EndGlobalSection
	GlobalSection(SolutionProperties) = preSolution
		HideSolutionNode = FALSE
	EndGlobalSection
	GlobalSection(ExtensibilityGlobals) = postSolution
		SolutionGuid = {4BBFF0FC-0DEF-4283-80F8-BDD4E1DE8580}
	EndGlobalSection
EndGlobal
